version = 1
revision = 3
requires-python = ">=3.12"

[[package]]
name = "client"
version = "0.1.0"
source = { virtual = "." }
dependencies = [
    { name = "shared" },
]

[package.metadata]
requires-dist = [{ name = "shared", editable = "../shared" }]

[[package]]
name = "shared"
version = "0.1.0"
source = { editable = "../shared" }
